// !$*UTF8*$!
{
	archiveVersion = 1;
	classes = {
	};
	objectVersion = 50;
	objects = {

/* Begin PBXBuildFile section */
		60C62D19214C64EA00457BDA /* AppDelegate.swift in Sources */ = {isa = PBXBuildFile; fileRef = 60C62D18214C64EA00457BDA /* AppDelegate.swift */; };
		60C62D1B214C64EA00457BDA /* ViewController.swift in Sources */ = {isa = PBXBuildFile; fileRef = 60C62D1A214C64EA00457BDA /* ViewController.swift */; };
		60C62D1E214C64EA00457BDA /* Main.storyboard in Resources */ = {isa = PBXBuildFile; fileRef = 60C62D1C214C64EA00457BDA /* Main.storyboard */; };
		60C62D20214C64EB00457BDA /* Assets.xcassets in Resources */ = {isa = PBXBuildFile; fileRef = 60C62D1F214C64EB00457BDA /* Assets.xcassets */; };
		60C62D23214C64EB00457BDA /* LaunchScreen.storyboard in Resources */ = {isa = PBXBuildFile; fileRef = 60C62D21214C64EB00457BDA /* LaunchScreen.storyboard */; };
		60C62D2E214C64EB00457BDA /* LayoutsTests.swift in Sources */ = {isa = PBXBuildFile; fileRef = 60C62D2D214C64EB00457BDA /* LayoutsTests.swift */; };
		60C62D39214C64EB00457BDA /* LayoutsUITests.swift in Sources */ = {isa = PBXBuildFile; fileRef = 60C62D38214C64EB00457BDA /* LayoutsUITests.swift */; };
/* End PBXBuildFile section */

/* Begin PBXContainerItemProxy section */
		60C62D2A214C64EB00457BDA /* PBXContainerItemProxy */ = {
			isa = PBXContainerItemProxy;
			containerPortal = 60C62D0D214C64EA00457BDA /* Project object */;
			proxyType = 1;
			remoteGlobalIDString = 60C62D14214C64EA00457BDA;
			remoteInfo = Layouts;
		};
		60C62D35214C64EB00457BDA /* PBXContainerItemProxy */ = {
			isa = PBXContainerItemProxy;
			containerPortal = 60C62D0D214C64EA00457BDA /* Project object */;
			proxyType = 1;
			remoteGlobalIDString = 60C62D14214C64EA00457BDA;
			remoteInfo = Layouts;
		};
/* End PBXContainerItemProxy section */

/* Begin PBXFileReference section */
		60C62D15214C64EA00457BDA /* Layouts.app */ = {isa = PBXFileReference; explicitFileType = wrapper.application; includeInIndex = 0; path = Layouts.app; sourceTree = BUILT_PRODUCTS_DIR; };
		60C62D18214C64EA00457BDA /* AppDelegate.swift */ = {isa = PBXFileReference; lastKnownFileType = sourcecode.swift; path = AppDelegate.swift; sourceTree = "<group>"; };
		60C62D1A214C64EA00457BDA /* ViewController.swift */ = {isa = PBXFileReference; lastKnownFileType = sourcecode.swift; path = ViewController.swift; sourceTree = "<group>"; };
		60C62D1D214C64EA00457BDA /* Base */ = {isa = PBXFileReference; lastKnownFileType = file.storyboard; name = Base; path = Base.lproj/Main.storyboard; sourceTree = "<group>"; };
		60C62D1F214C64EB00457BDA /* Assets.xcassets */ = {isa = PBXFileReference; lastKnownFileType = folder.assetcatalog; path = Assets.xcassets; sourceTree = "<group>"; };
		60C62D22214C64EB00457BDA /* Base */ = {isa = PBXFileReference; lastKnownFileType = file.storyboard; name = Base; path = Base.lproj/LaunchScreen.storyboard; sourceTree = "<group>"; };
		60C62D24214C64EB00457BDA /* Info.plist */ = {isa = PBXFileReference; lastKnownFileType = text.plist.xml; path = Info.plist; sourceTree = "<group>"; };
		60C62D29214C64EB00457BDA /* LayoutsTests.xctest */ = {isa = PBXFileReference; explicitFileType = wrapper.cfbundle; includeInIndex = 0; path = LayoutsTests.xctest; sourceTree = BUILT_PRODUCTS_DIR; };
		60C62D2D214C64EB00457BDA /* LayoutsTests.swift */ = {isa = PBXFileReference; lastKnownFileType = sourcecode.swift; path = LayoutsTests.swift; sourceTree = "<group>"; };
		60C62D2F214C64EB00457BDA /* Info.plist */ = {isa = PBXFileReference; lastKnownFileType = text.plist.xml; path = Info.plist; sourceTree = "<group>"; };
		60C62D34214C64EB00457BDA /* LayoutsUITests.xctest */ = {isa = PBXFileReference; explicitFileType = wrapper.cfbundle; includeInIndex = 0; path = LayoutsUITests.xctest; sourceTree = BUILT_PRODUCTS_DIR; };
		60C62D38214C64EB00457BDA /* LayoutsUITests.swift */ = {isa = PBXFileReference; lastKnownFileType = sourcecode.swift; path = LayoutsUITests.swift; sourceTree = "<group>"; };
		60C62D3A214C64EB00457BDA /* Info.plist */ = {isa = PBXFileReference; lastKnownFileType = text.plist.xml; path = Info.plist; sourceTree = "<group>"; };
/* End PBXFileReference section */

/* Begin PBXFrameworksBuildPhase section */
		60C62D12214C64EA00457BDA /* Frameworks */ = {
			isa = PBXFrameworksBuildPhase;
			buildActionMask = 2147483647;
			files = (
			);
			runOnlyForDeploymentPostprocessing = 0;
		};
		60C62D26214C64EB00457BDA /* Frameworks */ = {
			isa = PBXFrameworksBuildPhase;
			buildActionMask = 2147483647;
			files = (
			);
			runOnlyForDeploymentPostprocessing = 0;
		};
		60C62D31214C64EB00457BDA /* Frameworks */ = {
			isa = PBXFrameworksBuildPhase;
			buildActionMask = 2147483647;
			files = (
			);
			runOnlyForDeploymentPostprocessing = 0;
		};
/* End PBXFrameworksBuildPhase section */

/* Begin PBXGroup section */
		60C62D0C214C64EA00457BDA = {
			isa = PBXGroup;
			children = (
				60C62D17214C64EA00457BDA /* Layouts */,
				60C62D2C214C64EB00457BDA /* LayoutsTests */,
				60C62D37214C64EB00457BDA /* LayoutsUITests */,
				60C62D16214C64EA00457BDA /* Products */,
			);
			sourceTree = "<group>";
		};
		60C62D16214C64EA00457BDA /* Products */ = {
			isa = PBXGroup;
			children = (
				60C62D15214C64EA00457BDA /* Layouts.app */,
				60C62D29214C64EB00457BDA /* LayoutsTests.xctest */,
				60C62D34214C64EB00457BDA /* LayoutsUITests.xctest */,
			);
			name = Products;
			sourceTree = "<group>";
		};
		60C62D17214C64EA00457BDA /* Layouts */ = {
			isa = PBXGroup;
			children = (
				60C62D18214C64EA00457BDA /* AppDelegate.swift */,
				60C62D1A214C64EA00457BDA /* ViewController.swift */,
				60C62D1C214C64EA00457BDA /* Main.storyboard */,
				60C62D1F214C64EB00457BDA /* Assets.xcassets */,
				60C62D21214C64EB00457BDA /* LaunchScreen.storyboard */,
				60C62D24214C64EB00457BDA /* Info.plist */,
			);
			path = Layouts;
			sourceTree = "<group>";
		};
		60C62D2C214C64EB00457BDA /* LayoutsTests */ = {
			isa = PBXGroup;
			children = (
				60C62D2D214C64EB00457BDA /* LayoutsTests.swift */,
				60C62D2F214C64EB00457BDA /* Info.plist */,
			);
			path = LayoutsTests;
			sourceTree = "<group>";
		};
		60C62D37214C64EB00457BDA /* LayoutsUITests */ = {
			isa = PBXGroup;
			children = (
				60C62D38214C64EB00457BDA /* LayoutsUITests.swift */,
				60C62D3A214C64EB00457BDA /* Info.plist */,
			);
			path = LayoutsUITests;
			sourceTree = "<group>";
		};
/* End PBXGroup section */

/* Begin PBXNativeTarget section */
		60C62D14214C64EA00457BDA /* Layouts */ = {
			isa = PBXNativeTarget;
			buildConfigurationList = 60C62D3D214C64EB00457BDA /* Build configuration list for PBXNativeTarget "Layouts" */;
			buildPhases = (
				60C62D11214C64EA00457BDA /* Sources */,
				60C62D12214C64EA00457BDA /* Frameworks */,
				60C62D13214C64EA00457BDA /* Resources */,
			);
			buildRules = (
			);
			dependencies = (
			);
			name = Layouts;
			productName = Layouts;
			productReference = 60C62D15214C64EA00457BDA /* Layouts.app */;
			productType = "com.apple.product-type.application";
		};
		60C62D28214C64EB00457BDA /* LayoutsTests */ = {
			isa = PBXNativeTarget;
			buildConfigurationList = 60C62D40214C64EB00457BDA /* Build configuration list for PBXNativeTarget "LayoutsTests" */;
			buildPhases = (
				60C62D25214C64EB00457BDA /* Sources */,
				60C62D26214C64EB00457BDA /* Frameworks */,
				60C62D27214C64EB00457BDA /* Resources */,
			);
			buildRules = (
			);
			dependencies = (
				60C62D2B214C64EB00457BDA /* PBXTargetDependency */,
			);
			name = LayoutsTests;
			productName = LayoutsTests;
			productReference = 60C62D29214C64EB00457BDA /* LayoutsTests.xctest */;
			productType = "com.apple.product-type.bundle.unit-test";
		};
		60C62D33214C64EB00457BDA /* LayoutsUITests */ = {
			isa = PBXNativeTarget;
			buildConfigurationList = 60C62D43214C64EB00457BDA /* Build configuration list for PBXNativeTarget "LayoutsUITests" */;
			buildPhases = (
				60C62D30214C64EB00457BDA /* Sources */,
				60C62D31214C64EB00457BDA /* Frameworks */,
				60C62D32214C64EB00457BDA /* Resources */,
			);
			buildRules = (
			);
			dependencies = (
				60C62D36214C64EB00457BDA /* PBXTargetDependency */,
			);
			name = LayoutsUITests;
			productName = LayoutsUITests;
			productReference = 60C62D34214C64EB00457BDA /* LayoutsUITests.xctest */;
			productType = "com.apple.product-type.bundle.ui-testing";
		};
/* End PBXNativeTarget section */

/* Begin PBXProject section */
		60C62D0D214C64EA00457BDA /* Project object */ = {
			isa = PBXProject;
			attributes = {
				LastSwiftUpdateCheck = 0940;
				LastUpgradeCheck = 0940;
				ORGANIZATIONNAME = "Grant Maloney";
				TargetAttributes = {
					60C62D14214C64EA00457BDA = {
						CreatedOnToolsVersion = 9.4.1;
					};
					60C62D28214C64EB00457BDA = {
						CreatedOnToolsVersion = 9.4.1;
						TestTargetID = 60C62D14214C64EA00457BDA;
					};
					60C62D33214C64EB00457BDA = {
						CreatedOnToolsVersion = 9.4.1;
						TestTargetID = 60C62D14214C64EA00457BDA;
					};
				};
			};
			buildConfigurationList = 60C62D10214C64EA00457BDA /* Build configuration list for PBXProject "Layouts" */;
			compatibilityVersion = "Xcode 9.3";
			developmentRegion = en;
			hasScannedForEncodings = 0;
			knownRegions = (
				en,
				Base,
			);
			mainGroup = 60C62D0C214C64EA00457BDA;
			productRefGroup = 60C62D16214C64EA00457BDA /* Products */;
			projectDirPath = "";
			projectRoot = "";
			targets = (
				60C62D14214C64EA00457BDA /* Layouts */,
				60C62D28214C64EB00457BDA /* LayoutsTests */,
				60C62D33214C64EB00457BDA /* LayoutsUITests */,
			);
		};
/* End PBXProject section */

/* Begin PBXResourcesBuildPhase section */
		60C62D13214C64EA00457BDA /* Resources */ = {
			isa = PBXResourcesBuildPhase;
			buildActionMask = 2147483647;
			files = (
				60C62D23214C64EB00457BDA /* LaunchScreen.storyboard in Resources */,
				60C62D20214C64EB00457BDA /* Assets.xcassets in Resources */,
				60C62D1E214C64EA00457BDA /* Main.storyboard in Resources */,
			);
			runOnlyForDeploymentPostprocessing = 0;
		};
		60C62D27214C64EB00457BDA /* Resources */ = {
			isa = PBXResourcesBuildPhase;
			buildActionMask = 2147483647;
			files = (
			);
			runOnlyForDeploymentPostprocessing = 0;
		};
		60C62D32214C64EB00457BDA /* Resources */ = {
			isa = PBXResourcesBuildPhase;
			buildActionMask = 2147483647;
			files = (
			);
			runOnlyForDeploymentPostprocessing = 0;
		};
/* End PBXResourcesBuildPhase section */

/* Begin PBXSourcesBuildPhase section */
		60C62D11214C64EA00457BDA /* Sources */ = {
			isa = PBXSourcesBuildPhase;
			buildActionMask = 2147483647;
			files = (
				60C62D1B214C64EA00457BDA /* ViewController.swift in Sources */,
				60C62D19214C64EA00457BDA /* AppDelegate.swift in Sources */,
			);
			runOnlyForDeploymentPostprocessing = 0;
		};
		60C62D25214C64EB00457BDA /* Sources */ = {
			isa = PBXSourcesBuildPhase;
			buildActionMask = 2147483647;
			files = (
				60C62D2E214C64EB00457BDA /* LayoutsTests.swift in Sources */,
			);
			runOnlyForDeploymentPostprocessing = 0;
		};
		60C62D30214C64EB00457BDA /* Sources */ = {
			isa = PBXSourcesBuildPhase;
			buildActionMask = 2147483647;
			files = (
				60C62D39214C64EB00457BDA /* LayoutsUITests.swift in Sources */,
			);
			runOnlyForDeploymentPostprocessing = 0;
		};
/* End PBXSourcesBuildPhase section */

/* Begin PBXTargetDependency section */
		60C62D2B214C64EB00457BDA /* PBXTargetDependency */ = {
			isa = PBXTargetDependency;
			target = 60C62D14214C64EA00457BDA /* Layouts */;
			targetProxy = 60C62D2A214C64EB00457BDA /* PBXContainerItemProxy */;
		};
		60C62D36214C64EB00457BDA /* PBXTargetDependency */ = {
			isa = PBXTargetDependency;
			target = 60C62D14214C64EA00457BDA /* Layouts */;
			targetProxy = 60C62D35214C64EB00457BDA /* PBXContainerItemProxy */;
		};
/* End PBXTargetDependency section */

/* Begin PBXVariantGroup section */
		60C62D1C214C64EA00457BDA /* Main.storyboard */ = {
			isa = PBXVariantGroup;
			children = (
				60C62D1D214C64EA00457BDA /* Base */,
			);
			name = Main.storyboard;
			sourceTree = "<group>";
		};
		60C62D21214C64EB00457BDA /* LaunchScreen.storyboard */ = {
			isa = PBXVariantGroup;
			children = (
				60C62D22214C64EB00457BDA /* Base */,
			);
			name = LaunchScreen.storyboard;
			sourceTree = "<group>";
		};
/* End PBXVariantGroup section */

/* Begin XCBuildConfiguration section */
		60C62D3B214C64EB00457BDA /* Debug */ = {
			isa = XCBuildConfiguration;
			buildSettings = {
				ALWAYS_SEARCH_USER_PATHS = NO;
				CLANG_ANALYZER_NONNULL = YES;
				CLANG_ANALYZER_NUMBER_OBJECT_CONVERSION = YES_AGGRESSIVE;
				CLANG_CXX_LANGUAGE_STANDARD = "gnu++14";
				CLANG_CXX_LIBRARY = "libc++";
				CLANG_ENABLE_MODULES = YES;
				CLANG_ENABLE_OBJC_ARC = YES;
				CLANG_ENABLE_OBJC_WEAK = YES;
				CLANG_WARN_BLOCK_CAPTURE_AUTORELEASING = YES;
				CLANG_WARN_BOOL_CONVERSION = YES;
				CLANG_WARN_COMMA = YES;
				CLANG_WARN_CONSTANT_CONVERSION = YES;
				CLANG_WARN_DEPRECATED_OBJC_IMPLEMENTATIONS = YES;
				CLANG_WARN_DIRECT_OBJC_ISA_USAGE = YES_ERROR;
				CLANG_WARN_DOCUMENTATION_COMMENTS = YES;
				CLANG_WARN_EMPTY_BODY = YES;
				CLANG_WARN_ENUM_CONVERSION = YES;
				CLANG_WARN_INFINITE_RECURSION = YES;
				CLANG_WARN_INT_CONVERSION = YES;
				CLANG_WARN_NON_LITERAL_NULL_CONVERSION = YES;
				CLANG_WARN_OBJC_IMPLICIT_RETAIN_SELF = YES;
				CLANG_WARN_OBJC_LITERAL_CONVERSION = YES;
				CLANG_WARN_OBJC_ROOT_CLASS = YES_ERROR;
				CLANG_WARN_RANGE_LOOP_ANALYSIS = YES;
				CLANG_WARN_STRICT_PROTOTYPES = YES;
				CLANG_WARN_SUSPICIOUS_MOVE = YES;
				CLANG_WARN_UNGUARDED_AVAILABILITY = YES_AGGRESSIVE;
				CLANG_WARN_UNREACHABLE_CODE = YES;
				CLANG_WARN__DUPLICATE_METHOD_MATCH = YES;
				CODE_SIGN_IDENTITY = "iPhone Developer";
				COPY_PHASE_STRIP = NO;
				DEBUG_INFORMATION_FORMAT = dwarf;
				ENABLE_STRICT_OBJC_MSGSEND = YES;
				ENABLE_TESTABILITY = YES;
				GCC_C_LANGUAGE_STANDARD = gnu11;
				GCC_DYNAMIC_NO_PIC = NO;
				GCC_NO_COMMON_BLOCKS = YES;
				GCC_OPTIMIZATION_LEVEL = 0;
				GCC_PREPROCESSOR_DEFINITIONS = (
					"DEBUG=1",
					"$(inherited)",
				);
				GCC_WARN_64_TO_32_BIT_CONVERSION = YES;
				GCC_WARN_ABOUT_RETURN_TYPE = YES_ERROR;
				GCC_WARN_UNDECLARED_SELECTOR = YES;
				GCC_WARN_UNINITIALIZED_AUTOS = YES_AGGRESSIVE;
				GCC_WARN_UNUSED_FUNCTION = YES;
				GCC_WARN_UNUSED_VARIABLE = YES;
				IPHONEOS_DEPLOYMENT_TARGET = 11.4;
				MTL_ENABLE_DEBUG_INFO = YES;
				ONLY_ACTIVE_ARCH = YES;
				SDKROOT = iphoneos;
				SWIFT_ACTIVE_COMPILATION_CONDITIONS = DEBUG;
				SWIFT_OPTIMIZATION_LEVEL = "-Onone";
			};
			name = Debug;
		};
		60C62D3C214C64EB00457BDA /* Release */ = {
			isa = XCBuildConfiguration;
			buildSettings = {
				ALWAYS_SEARCH_USER_PATHS = NO;
				CLANG_ANALYZER_NONNULL = YES;
				CLANG_ANALYZER_NUMBER_OBJECT_CONVERSION = YES_AGGRESSIVE;
				CLANG_CXX_LANGUAGE_STANDARD = "gnu++14";
				CLANG_CXX_LIBRARY = "libc++";
				CLANG_ENABLE_MODULES = YES;
				CLANG_ENABLE_OBJC_ARC = YES;
				CLANG_ENABLE_OBJC_WEAK = YES;
				CLANG_WARN_BLOCK_CAPTURE_AUTORELEASING = YES;
				CLANG_WARN_BOOL_CONVERSION = YES;
				CLANG_WARN_COMMA = YES;
				CLANG_WARN_CONSTANT_CONVERSION = YES;
				CLANG_WARN_DEPRECATED_OBJC_IMPLEMENTATIONS = YES;
				CLANG_WARN_DIRECT_OBJC_ISA_USAGE = YES_ERROR;
				CLANG_WARN_DOCUMENTATION_COMMENTS = YES;
				CLANG_WARN_EMPTY_BODY = YES;
				CLANG_WARN_ENUM_CONVERSION = YES;
				CLANG_WARN_INFINITE_RECURSION = YES;
				CLANG_WARN_INT_CONVERSION = YES;
				CLANG_WARN_NON_LITERAL_NULL_CONVERSION = YES;
				CLANG_WARN_OBJC_IMPLICIT_RETAIN_SELF = YES;
				CLANG_WARN_OBJC_LITERAL_CONVERSION = YES;
				CLANG_WARN_OBJC_ROOT_CLASS = YES_ERROR;
				CLANG_WARN_RANGE_LOOP_ANALYSIS = YES;
				CLANG_WARN_STRICT_PROTOTYPES = YES;
				CLANG_WARN_SUSPICIOUS_MOVE = YES;
				CLANG_WARN_UNGUARDED_AVAILABILITY = YES_AGGRESSIVE;
				CLANG_WARN_UNREACHABLE_CODE = YES;
				CLANG_WARN__DUPLICATE_METHOD_MATCH = YES;
				CODE_SIGN_IDENTITY = "iPhone Developer";
				COPY_PHASE_STRIP = NO;
				DEBUG_INFORMATION_FORMAT = "dwarf-with-dsym";
				ENABLE_NS_ASSERTIONS = NO;
				ENABLE_STRICT_OBJC_MSGSEND = YES;
				GCC_C_LANGUAGE_STANDARD = gnu11;
				GCC_NO_COMMON_BLOCKS = YES;
				GCC_WARN_64_TO_32_BIT_CONVERSION = YES;
				GCC_WARN_ABOUT_RETURN_TYPE = YES_ERROR;
				GCC_WARN_UNDECLARED_SELECTOR = YES;
				GCC_WARN_UNINITIALIZED_AUTOS = YES_AGGRESSIVE;
				GCC_WARN_UNUSED_FUNCTION = YES;
				GCC_WARN_UNUSED_VARIABLE = YES;
				IPHONEOS_DEPLOYMENT_TARGET = 11.4;
				MTL_ENABLE_DEBUG_INFO = NO;
				SDKROOT = iphoneos;
				SWIFT_COMPILATION_MODE = wholemodule;
				SWIFT_OPTIMIZATION_LEVEL = "-O";
				VALIDATE_PRODUCT = YES;
			};
			name = Release;
		};
		60C62D3E214C64EB00457BDA /* Debug */ = {
			isa = XCBuildConfiguration;
			buildSettings = {
				ASSETCATALOG_COMPILER_APPICON_NAME = AppIcon;
				CODE_SIGN_STYLE = Automatic;
				DEVELOPMENT_TEAM = WAQY4YN2JJ;
				INFOPLIST_FILE = Layouts/Info.plist;
				LD_RUNPATH_SEARCH_PATHS = (
					"$(inherited)",
					"@executable_path/Frameworks",
				);
				PRODUCT_BUNDLE_IDENTIFIER = com.gpmpn2.Layouts;
				PRODUCT_NAME = "$(TARGET_NAME)";
				SWIFT_VERSION = 4.0;
				TARGETED_DEVICE_FAMILY = "1,2";
			};
			name = Debug;
		};
		60C62D3F214C64EB00457BDA /* Release */ = {
			isa = XCBuildConfiguration;
			buildSettings = {
				ASSETCATALOG_COMPILER_APPICON_NAME = AppIcon;
				CODE_SIGN_STYLE = Automatic;
				DEVELOPMENT_TEAM = WAQY4YN2JJ;
				INFOPLIST_FILE = Layouts/Info.plist;
				LD_RUNPATH_SEARCH_PATHS = (
					"$(inherited)",
					"@executable_path/Frameworks",
				);
				PRODUCT_BUNDLE_IDENTIFIER = com.gpmpn2.Layouts;
				PRODUCT_NAME = "$(TARGET_NAME)";
				SWIFT_VERSION = 4.0;
				TARGETED_DEVICE_FAMILY = "1,2";
			};
			name = Release;
		};
		60C62D41214C64EB00457BDA /* Debug */ = {
			isa = XCBuildConfiguration;
			buildSettings = {
				ALWAYS_EMBED_SWIFT_STANDARD_LIBRARIES = YES;
				BUNDLE_LOADER = "$(TEST_HOST)";
				CODE_SIGN_STYLE = Automatic;
				DEVELOPMENT_TEAM = WAQY4YN2JJ;
				INFOPLIST_FILE = LayoutsTests/Info.plist;
				LD_RUNPATH_SEARCH_PATHS = (
					"$(inherited)",
					"@executable_path/Frameworks",
					"@loader_path/Frameworks",
				);
				PRODUCT_BUNDLE_IDENTIFIER = com.gpmpn2.LayoutsTests;
				PRODUCT_NAME = "$(TARGET_NAME)";
				SWIFT_VERSION = 4.0;
				TARGETED_DEVICE_FAMILY = "1,2";
				TEST_HOST = "$(BUILT_PRODUCTS_DIR)/Layouts.app/Layouts";
			};
			name = Debug;
		};
		60C62D42214C64EB00457BDA /* Release */ = {
			isa = XCBuildConfiguration;
			buildSettings = {
				ALWAYS_EMBED_SWIFT_STANDARD_LIBRARIES = YES;
				BUNDLE_LOADER = "$(TEST_HOST)";
				CODE_SIGN_STYLE = Automatic;
				DEVELOPMENT_TEAM = WAQY4YN2JJ;
				INFOPLIST_FILE = LayoutsTests/Info.plist;
				LD_RUNPATH_SEARCH_PATHS = (
					"$(inherited)",
					"@executable_path/Frameworks",
					"@loader_path/Frameworks",
				);
				PRODUCT_BUNDLE_IDENTIFIER = com.gpmpn2.LayoutsTests;
				PRODUCT_NAME = "$(TARGET_NAME)";
				SWIFT_VERSION = 4.0;
				TARGETED_DEVICE_FAMILY = "1,2";
				TEST_HOST = "$(BUILT_PRODUCTS_DIR)/Layouts.app/Layouts";
			};
			name = Release;
		};
		60C62D44214C64EB00457BDA /* Debug */ = {
			isa = XCBuildConfiguration;
			buildSettings = {
				ALWAYS_EMBED_SWIFT_STANDARD_LIBRARIES = YES;
				CODE_SIGN_STYLE = Automatic;
				DEVELOPMENT_TEAM = WAQY4YN2JJ;
				INFOPLIST_FILE = LayoutsUITests/Info.plist;
				LD_RUNPATH_SEARCH_PATHS = (
					"$(inherited)",
					"@executable_path/Frameworks",
					"@loader_path/Frameworks",
				);
				PRODUCT_BUNDLE_IDENTIFIER = com.gpmpn2.LayoutsUITests;
				PRODUCT_NAME = "$(TARGET_NAME)";
				SWIFT_VERSION = 4.0;
				TARGETED_DEVICE_FAMILY = "1,2";
				TEST_TARGET_NAME = Layouts;
			};
			name = Debug;
		};
		60C62D45214C64EB00457BDA /* Release */ = {
			isa = XCBuildConfiguration;
			buildSettings = {
				ALWAYS_EMBED_SWIFT_STANDARD_LIBRARIES = YES;
				CODE_SIGN_STYLE = Automatic;
				DEVELOPMENT_TEAM = WAQY4YN2JJ;
				INFOPLIST_FILE = LayoutsUITests/Info.plist;
				LD_RUNPATH_SEARCH_PATHS = (
					"$(inherited)",
					"@executable_path/Frameworks",
					"@loader_path/Frameworks",
				);
				PRODUCT_BUNDLE_IDENTIFIER = com.gpmpn2.LayoutsUITests;
				PRODUCT_NAME = "$(TARGET_NAME)";
				SWIFT_VERSION = 4.0;
				TARGETED_DEVICE_FAMILY = "1,2";
				TEST_TARGET_NAME = Layouts;
			};
			name = Release;
		};
/* End XCBuildConfiguration section */

/* Begin XCConfigurationList section */
		60C62D10214C64EA00457BDA /* Build configuration list for PBXProject "Layouts" */ = {
			isa = XCConfigurationList;
			buildConfigurations = (
				60C62D3B214C64EB00457BDA /* Debug */,
				60C62D3C214C64EB00457BDA /* Release */,
			);
			defaultConfigurationIsVisible = 0;
			defaultConfigurationName = Release;
		};
		60C62D3D214C64EB00457BDA /* Build configuration list for PBXNativeTarget "Layouts" */ = {
			isa = XCConfigurationList;
			buildConfigurations = (
				60C62D3E214C64EB00457BDA /* Debug */,
				60C62D3F214C64EB00457BDA /* Release */,
			);
			defaultConfigurationIsVisible = 0;
			defaultConfigurationName = Release;
		};
		60C62D40214C64EB00457BDA /* Build configuration list for PBXNativeTarget "LayoutsTests" */ = {
			isa = XCConfigurationList;
			buildConfigurations = (
				60C62D41214C64EB00457BDA /* Debug */,
				60C62D42214C64EB00457BDA /* Release */,
			);
			defaultConfigurationIsVisible = 0;
			defaultConfigurationName = Release;
		};
		60C62D43214C64EB00457BDA /* Build configuration list for PBXNativeTarget "LayoutsUITests" */ = {
			isa = XCConfigurationList;
			buildConfigurations = (
				60C62D44214C64EB00457BDA /* Debug */,
				60C62D45214C64EB00457BDA /* Release */,
			);
			defaultConfigurationIsVisible = 0;
			defaultConfigurationName = Release;
		};
/* End XCConfigurationList section */
	};
	rootObject = 60C62D0D214C64EA00457BDA /* Project object */;
}
